PODS:
  - FSCalendar (2.1.1)
  - Realm (0.98.6):
    - Realm/Headers (= 0.98.6)
  - Realm/Headers (0.98.6)
  - RealmSwift (0.98.6):
    - Realm (= 0.98.6)

DEPENDENCIES:
  - FSCalendar
  - RealmSwift

SPEC CHECKSUMS:
  FSCalendar: 04dc531f06fbde8a8e5b7394e9d4edebd45a591f
  Realm: 44803f35418c5d89b27825a564247fcd190de37e
  RealmSwift: c7239c52c83f8c43525a5269ba7be1694da33afc

COCOAPODS: 0.39.0
