// !$*UTF8*$!
{
	archiveVersion = 1;
	classes = {
	};
	objectVersion = 46;
	objects = {

/* Begin PBXBuildFile section */
		D32EDA0B1CA53A9300BC5F4C /* ApetitReactionsTableViewController.swift in Sources */ = {isa = PBXBuildFile; fileRef = D32EDA0A1CA53A9300BC5F4C /* ApetitReactionsTableViewController.swift */; };
		D348DEAF1C97E98A000D632C /* AppDelegate.swift in Sources */ = {isa = PBXBuildFile; fileRef = D348DEAE1C97E98A000D632C /* AppDelegate.swift */; };
		D348DEB41C97E98A000D632C /* Main.storyboard in Resources */ = {isa = PBXBuildFile; fileRef = D348DEB21C97E98A000D632C /* Main.storyboard */; };
		D348DEB61C97E98A000D632C /* Assets.xcassets in Resources */ = {isa = PBXBuildFile; fileRef = D348DEB51C97E98A000D632C /* Assets.xcassets */; };
		D348DEB91C97E98A000D632C /* LaunchScreen.storyboard in Resources */ = {isa = PBXBuildFile; fileRef = D348DEB71C97E98A000D632C /* LaunchScreen.storyboard */; };
		D348DEC51CA1433D000D632C /* LogFoodController.swift in Sources */ = {isa = PBXBuildFile; fileRef = D348DEC41CA1433D000D632C /* LogFoodController.swift */; };
		D38E87AD1CA375BB0048A83E /* MealSelectorTableViewController.swift in Sources */ = {isa = PBXBuildFile; fileRef = D38E87AC1CA375BB0048A83E /* MealSelectorTableViewController.swift */; };
		D38E87AF1CA3AB480048A83E /* NewMealTableViewController.swift in Sources */ = {isa = PBXBuildFile; fileRef = D38E87AE1CA3AB480048A83E /* NewMealTableViewController.swift */; };
		D3ACF3991CA91762003533D8 /* Reaction.swift in Sources */ = {isa = PBXBuildFile; fileRef = D3ACF3981CA91762003533D8 /* Reaction.swift */; };
/* End PBXBuildFile section */

/* Begin PBXFileReference section */
		D32EDA0A1CA53A9300BC5F4C /* ApetitReactionsTableViewController.swift */ = {isa = PBXFileReference; fileEncoding = 4; lastKnownFileType = sourcecode.swift; path = ApetitReactionsTableViewController.swift; sourceTree = "<group>"; };
		D348DEAB1C97E98A000D632C /* LogYourFood.app */ = {isa = PBXFileReference; explicitFileType = wrapper.application; includeInIndex = 0; path = LogYourFood.app; sourceTree = BUILT_PRODUCTS_DIR; };
		D348DEAE1C97E98A000D632C /* AppDelegate.swift */ = {isa = PBXFileReference; lastKnownFileType = sourcecode.swift; path = AppDelegate.swift; sourceTree = "<group>"; };
		D348DEB31C97E98A000D632C /* Base */ = {isa = PBXFileReference; lastKnownFileType = file.storyboard; name = Base; path = Base.lproj/Main.storyboard; sourceTree = "<group>"; };
		D348DEB51C97E98A000D632C /* Assets.xcassets */ = {isa = PBXFileReference; lastKnownFileType = folder.assetcatalog; path = Assets.xcassets; sourceTree = "<group>"; };
		D348DEB81C97E98A000D632C /* Base */ = {isa = PBXFileReference; lastKnownFileType = file.storyboard; name = Base; path = Base.lproj/LaunchScreen.storyboard; sourceTree = "<group>"; };
		D348DEBA1C97E98A000D632C /* Info.plist */ = {isa = PBXFileReference; lastKnownFileType = text.plist.xml; path = Info.plist; sourceTree = "<group>"; };
		D348DEC41CA1433D000D632C /* LogFoodController.swift */ = {isa = PBXFileReference; fileEncoding = 4; lastKnownFileType = sourcecode.swift; path = LogFoodController.swift; sourceTree = "<group>"; };
		D38E87AC1CA375BB0048A83E /* MealSelectorTableViewController.swift */ = {isa = PBXFileReference; fileEncoding = 4; lastKnownFileType = sourcecode.swift; path = MealSelectorTableViewController.swift; sourceTree = "<group>"; };
		D38E87AE1CA3AB480048A83E /* NewMealTableViewController.swift */ = {isa = PBXFileReference; fileEncoding = 4; lastKnownFileType = sourcecode.swift; path = NewMealTableViewController.swift; sourceTree = "<group>"; };
		D3ACF3981CA91762003533D8 /* Reaction.swift */ = {isa = PBXFileReference; fileEncoding = 4; lastKnownFileType = sourcecode.swift; path = Reaction.swift; sourceTree = "<group>"; };
/* End PBXFileReference section */

/* Begin PBXFrameworksBuildPhase section */
		D348DEA81C97E98A000D632C /* Frameworks */ = {
			isa = PBXFrameworksBuildPhase;
			buildActionMask = 2147483647;
			files = (
			);
			runOnlyForDeploymentPostprocessing = 0;
		};
/* End PBXFrameworksBuildPhase section */

/* Begin PBXGroup section */
		D348DEA21C97E98A000D632C = {
			isa = PBXGroup;
			children = (
				D348DEAD1C97E98A000D632C /* LogYourFood */,
				D348DEAC1C97E98A000D632C /* Products */,
			);
			sourceTree = "<group>";
		};
		D348DEAC1C97E98A000D632C /* Products */ = {
			isa = PBXGroup;
			children = (
				D348DEAB1C97E98A000D632C /* LogYourFood.app */,
			);
			name = Products;
			sourceTree = "<group>";
		};
		D348DEAD1C97E98A000D632C /* LogYourFood */ = {
			isa = PBXGroup;
			children = (
				D3ACF3971CA9172A003533D8 /* Model */,
				D348DEAE1C97E98A000D632C /* AppDelegate.swift */,
				D348DEC41CA1433D000D632C /* LogFoodController.swift */,
				D38E87AE1CA3AB480048A83E /* NewMealTableViewController.swift */,
				D38E87AC1CA375BB0048A83E /* MealSelectorTableViewController.swift */,
				D32EDA0A1CA53A9300BC5F4C /* ApetitReactionsTableViewController.swift */,
				D348DEB21C97E98A000D632C /* Main.storyboard */,
				D348DEB51C97E98A000D632C /* Assets.xcassets */,
				D348DEB71C97E98A000D632C /* LaunchScreen.storyboard */,
				D348DEBA1C97E98A000D632C /* Info.plist */,
			);
			path = LogYourFood;
			sourceTree = "<group>";
		};
		D3ACF3971CA9172A003533D8 /* Model */ = {
			isa = PBXGroup;
			children = (
				D3ACF3981CA91762003533D8 /* Reaction.swift */,
			);
			name = Model;
			sourceTree = "<group>";
		};
/* End PBXGroup section */

/* Begin PBXNativeTarget section */
		D348DEAA1C97E98A000D632C /* LogYourFood */ = {
			isa = PBXNativeTarget;
			buildConfigurationList = D348DEBD1C97E98A000D632C /* Build configuration list for PBXNativeTarget "LogYourFood" */;
			buildPhases = (
				D348DEA71C97E98A000D632C /* Sources */,
				D348DEA81C97E98A000D632C /* Frameworks */,
				D348DEA91C97E98A000D632C /* Resources */,
			);
			buildRules = (
			);
			dependencies = (
			);
			name = LogYourFood;
			productName = LogYourFood;
			productReference = D348DEAB1C97E98A000D632C /* LogYourFood.app */;
			productType = "com.apple.product-type.application";
		};
/* End PBXNativeTarget section */

/* Begin PBXProject section */
		D348DEA31C97E98A000D632C /* Project object */ = {
			isa = PBXProject;
			attributes = {
				LastSwiftUpdateCheck = 0720;
				LastUpgradeCheck = 0720;
				ORGANIZATIONNAME = 3smurfs;
				TargetAttributes = {
					D348DEAA1C97E98A000D632C = {
						CreatedOnToolsVersion = 7.2;
						DevelopmentTeam = JZ92YFTR72;
					};
				};
			};
			buildConfigurationList = D348DEA61C97E98A000D632C /* Build configuration list for PBXProject "LogYourFood" */;
			compatibilityVersion = "Xcode 3.2";
			developmentRegion = English;
			hasScannedForEncodings = 0;
			knownRegions = (
				en,
				Base,
			);
			mainGroup = D348DEA21C97E98A000D632C;
			productRefGroup = D348DEAC1C97E98A000D632C /* Products */;
			projectDirPath = "";
			projectRoot = "";
			targets = (
				D348DEAA1C97E98A000D632C /* LogYourFood */,
			);
		};
/* End PBXProject section */

/* Begin PBXResourcesBuildPhase section */
		D348DEA91C97E98A000D632C /* Resources */ = {
			isa = PBXResourcesBuildPhase;
			buildActionMask = 2147483647;
			files = (
				D348DEB91C97E98A000D632C /* LaunchScreen.storyboard in Resources */,
				D348DEB61C97E98A000D632C /* Assets.xcassets in Resources */,
				D348DEB41C97E98A000D632C /* Main.storyboard in Resources */,
			);
			runOnlyForDeploymentPostprocessing = 0;
		};
/* End PBXResourcesBuildPhase section */

/* Begin PBXSourcesBuildPhase section */
		D348DEA71C97E98A000D632C /* Sources */ = {
			isa = PBXSourcesBuildPhase;
			buildActionMask = 2147483647;
			files = (
				D348DEC51CA1433D000D632C /* LogFoodController.swift in Sources */,
				D32EDA0B1CA53A9300BC5F4C /* ApetitReactionsTableViewController.swift in Sources */,
				D348DEAF1C97E98A000D632C /* AppDelegate.swift in Sources */,
				D38E87AF1CA3AB480048A83E /* NewMealTableViewController.swift in Sources */,
				D3ACF3991CA91762003533D8 /* Reaction.swift in Sources */,
				D38E87AD1CA375BB0048A83E /* MealSelectorTableViewController.swift in Sources */,
			);
			runOnlyForDeploymentPostprocessing = 0;
		};
/* End PBXSourcesBuildPhase section */

/* Begin PBXVariantGroup section */
		D348DEB21C97E98A000D632C /* Main.storyboard */ = {
			isa = PBXVariantGroup;
			children = (
				D348DEB31C97E98A000D632C /* Base */,
			);
			name = Main.storyboard;
			sourceTree = "<group>";
		};
		D348DEB71C97E98A000D632C /* LaunchScreen.storyboard */ = {
			isa = PBXVariantGroup;
			children = (
				D348DEB81C97E98A000D632C /* Base */,
			);
			name = LaunchScreen.storyboard;
			sourceTree = "<group>";
		};
/* End PBXVariantGroup section */

/* Begin XCBuildConfiguration section */
		D348DEBB1C97E98A000D632C /* Debug */ = {
			isa = XCBuildConfiguration;
			buildSettings = {
				ALWAYS_SEARCH_USER_PATHS = NO;
				CLANG_CXX_LANGUAGE_STANDARD = "gnu++0x";
				CLANG_CXX_LIBRARY = "libc++";
				CLANG_ENABLE_MODULES = YES;
				CLANG_ENABLE_OBJC_ARC = YES;
				CLANG_WARN_BOOL_CONVERSION = YES;
				CLANG_WARN_CONSTANT_CONVERSION = YES;
				CLANG_WARN_DIRECT_OBJC_ISA_USAGE = YES_ERROR;
				CLANG_WARN_EMPTY_BODY = YES;
				CLANG_WARN_ENUM_CONVERSION = YES;
				CLANG_WARN_INT_CONVERSION = YES;
				CLANG_WARN_OBJC_ROOT_CLASS = YES_ERROR;
				CLANG_WARN_UNREACHABLE_CODE = YES;
				CLANG_WARN__DUPLICATE_METHOD_MATCH = YES;
				"CODE_SIGN_IDENTITY[sdk=iphoneos*]" = "iPhone Developer";
				COPY_PHASE_STRIP = NO;
				DEBUG_INFORMATION_FORMAT = dwarf;
				ENABLE_STRICT_OBJC_MSGSEND = YES;
				ENABLE_TESTABILITY = YES;
				GCC_C_LANGUAGE_STANDARD = gnu99;
				GCC_DYNAMIC_NO_PIC = NO;
				GCC_NO_COMMON_BLOCKS = YES;
				GCC_OPTIMIZATION_LEVEL = 0;
				GCC_PREPROCESSOR_DEFINITIONS = (
					"DEBUG=1",
					"$(inherited)",
				);
				GCC_WARN_64_TO_32_BIT_CONVERSION = YES;
				GCC_WARN_ABOUT_RETURN_TYPE = YES_ERROR;
				GCC_WARN_UNDECLARED_SELECTOR = YES;
				GCC_WARN_UNINITIALIZED_AUTOS = YES_AGGRESSIVE;
				GCC_WARN_UNUSED_FUNCTION = YES;
				GCC_WARN_UNUSED_VARIABLE = YES;
				IPHONEOS_DEPLOYMENT_TARGET = 9.2;
				MTL_ENABLE_DEBUG_INFO = YES;
				ONLY_ACTIVE_ARCH = YES;
				SDKROOT = iphoneos;
				SWIFT_OPTIMIZATION_LEVEL = "-Onone";
			};
			name = Debug;
		};
		D348DEBC1C97E98A000D632C /* Release */ = {
			isa = XCBuildConfiguration;
			buildSettings = {
				ALWAYS_SEARCH_USER_PATHS = NO;
				CLANG_CXX_LANGUAGE_STANDARD = "gnu++0x";
				CLANG_CXX_LIBRARY = "libc++";
				CLANG_ENABLE_MODULES = YES;
				CLANG_ENABLE_OBJC_ARC = YES;
				CLANG_WARN_BOOL_CONVERSION = YES;
				CLANG_WARN_CONSTANT_CONVERSION = YES;
				CLANG_WARN_DIRECT_OBJC_ISA_USAGE = YES_ERROR;
				CLANG_WARN_EMPTY_BODY = YES;
				CLANG_WARN_ENUM_CONVERSION = YES;
				CLANG_WARN_INT_CONVERSION = YES;
				CLANG_WARN_OBJC_ROOT_CLASS = YES_ERROR;
				CLANG_WARN_UNREACHABLE_CODE = YES;
				CLANG_WARN__DUPLICATE_METHOD_MATCH = YES;
				"CODE_SIGN_IDENTITY[sdk=iphoneos*]" = "iPhone Developer";
				COPY_PHASE_STRIP = NO;
				DEBUG_INFORMATION_FORMAT = "dwarf-with-dsym";
				ENABLE_NS_ASSERTIONS = NO;
				ENABLE_STRICT_OBJC_MSGSEND = YES;
				GCC_C_LANGUAGE_STANDARD = gnu99;
				GCC_NO_COMMON_BLOCKS = YES;
				GCC_WARN_64_TO_32_BIT_CONVERSION = YES;
				GCC_WARN_ABOUT_RETURN_TYPE = YES_ERROR;
				GCC_WARN_UNDECLARED_SELECTOR = YES;
				GCC_WARN_UNINITIALIZED_AUTOS = YES_AGGRESSIVE;
				GCC_WARN_UNUSED_FUNCTION = YES;
				GCC_WARN_UNUSED_VARIABLE = YES;
				IPHONEOS_DEPLOYMENT_TARGET = 9.2;
				MTL_ENABLE_DEBUG_INFO = NO;
				SDKROOT = iphoneos;
				VALIDATE_PRODUCT = YES;
			};
			name = Release;
		};
		D348DEBE1C97E98A000D632C /* Debug */ = {
			isa = XCBuildConfiguration;
			buildSettings = {
				ASSETCATALOG_COMPILER_APPICON_NAME = AppIcon;
				INFOPLIST_FILE = LogYourFood/Info.plist;
				LD_RUNPATH_SEARCH_PATHS = "$(inherited) @executable_path/Frameworks";
				PRODUCT_BUNDLE_IDENTIFIER = "-smurfs.com.LogYourFood";
				PRODUCT_NAME = "$(TARGET_NAME)";
			};
			name = Debug;
		};
		D348DEBF1C97E98A000D632C /* Release */ = {
			isa = XCBuildConfiguration;
			buildSettings = {
				ASSETCATALOG_COMPILER_APPICON_NAME = AppIcon;
				INFOPLIST_FILE = LogYourFood/Info.plist;
				LD_RUNPATH_SEARCH_PATHS = "$(inherited) @executable_path/Frameworks";
				PRODUCT_BUNDLE_IDENTIFIER = "-smurfs.com.LogYourFood";
				PRODUCT_NAME = "$(TARGET_NAME)";
			};
			name = Release;
		};
/* End XCBuildConfiguration section */

/* Begin XCConfigurationList section */
		D348DEA61C97E98A000D632C /* Build configuration list for PBXProject "LogYourFood" */ = {
			isa = XCConfigurationList;
			buildConfigurations = (
				D348DEBB1C97E98A000D632C /* Debug */,
				D348DEBC1C97E98A000D632C /* Release */,
			);
			defaultConfigurationIsVisible = 0;
			defaultConfigurationName = Release;
		};
		D348DEBD1C97E98A000D632C /* Build configuration list for PBXNativeTarget "LogYourFood" */ = {
			isa = XCConfigurationList;
			buildConfigurations = (
				D348DEBE1C97E98A000D632C /* Debug */,
				D348DEBF1C97E98A000D632C /* Release */,
			);
			defaultConfigurationIsVisible = 0;
			defaultConfigurationName = Release;
		};
/* End XCConfigurationList section */
	};
	rootObject = D348DEA31C97E98A000D632C /* Project object */;
}
